github.com/google/uuid v1.6.0 h1:NIvaJDMOsjB0B8pQftBCD2CqN1qEoDLb2hFeUqMGBNU=
github.com/google/uuid v1.6.0/go.mod h1:TIyPZe4MgqvfeYDBFedMoGGpEw/LqOeaOT+nhxU+yHo=
github.com/gorilla/websocket v1.5.3 h1:7WOHx7BoWKEzNTpMSqG1DgMLf6rM3HCpQf7e4I5T8KM=
github.com/gorilla/websocket v1.5.3/go.mod h1:YR8l580nyteQvAITg2hZ9XVh4b55+EU/adAjf1fMHhE=